{
  "requires": true,
  "lockfileVersion": 1,
  "dependencies": {
    "@types/node": {
      "version": "16.11.9",
      "resolved": "https://registry.npmjs.org/@types/node/-/node-16.11.9.tgz",
      "integrity": "sha512-MKmdASMf3LtPzwLyRrFjtFFZ48cMf8jmX5VRYrDQiJa8Ybu5VAmkqBWqKU8fdCwD8ysw4mQ9nrEHvzg6gunR7A==",
      "dev": true
    },
    "@types/synaptic": {
      "version": "1.0.4",
      "resolved": "https://registry.npmjs.org/@types/synaptic/-/synaptic-1.0.4.tgz",
      "integrity": "sha512-Fsdgy6ttcLFSgldqOkFH0c56w2eNo/cyWxgQPOJ69Z5UWmCLT9VkQz0kWfMkW0jLME+Idz6TkCrZmN3wtdB/gg==",
      "dev": true
    },
    "synaptic": {
      "version": "1.1.4",
      "resolved": "https://registry.npmjs.org/synaptic/-/synaptic-1.1.4.tgz",
      "integrity": "sha512-JFtU98VDFI0uBTowgySo+UUEkc7rSVHaxx9D6dR5BK6u81G7uAxcp32Gi2SHciLpFbvJVd1Pfz7aqSNQO4EH9Q=="
    }
  }
}
